// !$*UTF8*$!
{
	archiveVersion = 1;
	classes = {
	};
	objectVersion = 56;
	objects = {

/* Begin PBXBuildFile section */
		6E1294412CDEF06A0022063D /* XDismissButton.swift in Sources */ = {isa = PBXBuildFile; fileRef = 6E1294402CDEF06A0022063D /* XDismissButton.swift */; };
		6E1294492CDEFADA0022063D /* APButton.swift in Sources */ = {isa = PBXBuildFile; fileRef = 6E1294482CDEFADA0022063D /* APButton.swift */; };
		6E423C702CDEFD3B000C03B9 /* AppetizersDetailsView.swift in Sources */ = {isa = PBXBuildFile; fileRef = 6E423C6F2CDEFD3B000C03B9 /* AppetizersDetailsView.swift */; };
		6E423C722CDEFD57000C03B9 /* AppetizersResponseModel.swift in Sources */ = {isa = PBXBuildFile; fileRef = 6E423C712CDEFD57000C03B9 /* AppetizersResponseModel.swift */; };
		6E423C762CDEFDB2000C03B9 /* AppetizersListView.swift in Sources */ = {isa = PBXBuildFile; fileRef = 6E423C752CDEFDB2000C03B9 /* AppetizersListView.swift */; };
		6E423C792CDEFDE6000C03B9 /* AppetizersViewModel.swift in Sources */ = {isa = PBXBuildFile; fileRef = 6E423C782CDEFDE6000C03B9 /* AppetizersViewModel.swift */; };
		6E423C7C2CDEFE1E000C03B9 /* AppetizerCell.swift in Sources */ = {isa = PBXBuildFile; fileRef = 6E423C7B2CDEFE1E000C03B9 /* AppetizerCell.swift */; };
		6E423C802CDEFEC5000C03B9 /* APICall.swift in Sources */ = {isa = PBXBuildFile; fileRef = 6E423C7F2CDEFEC5000C03B9 /* APICall.swift */; };
		6E423C822CDEFF09000C03B9 /* AppetizersApp.swift in Sources */ = {isa = PBXBuildFile; fileRef = 6E423C812CDEFF09000C03B9 /* AppetizersApp.swift */; };
		6E423C862CDEFF84000C03B9 /* NutritionInfo.swift in Sources */ = {isa = PBXBuildFile; fileRef = 6E423C852CDEFF84000C03B9 /* NutritionInfo.swift */; };
		6EA80ECF2CE2C4BB0096CF09 /* LoadingView.swift in Sources */ = {isa = PBXBuildFile; fileRef = 6EA80ECE2CE2C4BB0096CF09 /* LoadingView.swift */; };
		6EA80ED12CE2CED40096CF09 /* AccountView.swift in Sources */ = {isa = PBXBuildFile; fileRef = 6EA80ED02CE2CED40096CF09 /* AccountView.swift */; };
		6EA80ED32CE2D23B0096CF09 /* AccountViewModel.swift in Sources */ = {isa = PBXBuildFile; fileRef = 6EA80ED22CE2D23B0096CF09 /* AccountViewModel.swift */; };
		6EA80ED62CE2D5280096CF09 /* String+Extesion.swift in Sources */ = {isa = PBXBuildFile; fileRef = 6EA80ED52CE2D5280096CF09 /* String+Extesion.swift */; };
		6EE2470A2CDD83BC001DA027 /* Assets.xcassets in Resources */ = {isa = PBXBuildFile; fileRef = 6EE247092CDD83BC001DA027 /* Assets.xcassets */; };
		6EE2470D2CDD83BC001DA027 /* Preview Assets.xcassets in Resources */ = {isa = PBXBuildFile; fileRef = 6EE2470C2CDD83BC001DA027 /* Preview Assets.xcassets */; };
/* End PBXBuildFile section */

/* Begin PBXFileReference section */
		6E1294402CDEF06A0022063D /* XDismissButton.swift */ = {isa = PBXFileReference; lastKnownFileType = sourcecode.swift; path = XDismissButton.swift; sourceTree = "<group>"; };
		6E1294482CDEFADA0022063D /* APButton.swift */ = {isa = PBXFileReference; lastKnownFileType = sourcecode.swift; path = APButton.swift; sourceTree = "<group>"; };
		6E423C6F2CDEFD3B000C03B9 /* AppetizersDetailsView.swift */ = {isa = PBXFileReference; lastKnownFileType = sourcecode.swift; path = AppetizersDetailsView.swift; sourceTree = "<group>"; };
		6E423C712CDEFD57000C03B9 /* AppetizersResponseModel.swift */ = {isa = PBXFileReference; lastKnownFileType = sourcecode.swift; path = AppetizersResponseModel.swift; sourceTree = "<group>"; };
		6E423C752CDEFDB2000C03B9 /* AppetizersListView.swift */ = {isa = PBXFileReference; lastKnownFileType = sourcecode.swift; path = AppetizersListView.swift; sourceTree = "<group>"; };
		6E423C782CDEFDE6000C03B9 /* AppetizersViewModel.swift */ = {isa = PBXFileReference; lastKnownFileType = sourcecode.swift; path = AppetizersViewModel.swift; sourceTree = "<group>"; };
		6E423C7B2CDEFE1E000C03B9 /* AppetizerCell.swift */ = {isa = PBXFileReference; lastKnownFileType = sourcecode.swift; path = AppetizerCell.swift; sourceTree = "<group>"; };
		6E423C7F2CDEFEC5000C03B9 /* APICall.swift */ = {isa = PBXFileReference; lastKnownFileType = sourcecode.swift; path = APICall.swift; sourceTree = "<group>"; };
		6E423C812CDEFF09000C03B9 /* AppetizersApp.swift */ = {isa = PBXFileReference; lastKnownFileType = sourcecode.swift; path = AppetizersApp.swift; sourceTree = "<group>"; };
		6E423C852CDEFF84000C03B9 /* NutritionInfo.swift */ = {isa = PBXFileReference; lastKnownFileType = sourcecode.swift; path = NutritionInfo.swift; sourceTree = "<group>"; };
		6EA80ECE2CE2C4BB0096CF09 /* LoadingView.swift */ = {isa = PBXFileReference; lastKnownFileType = sourcecode.swift; path = LoadingView.swift; sourceTree = "<group>"; };
		6EA80ED02CE2CED40096CF09 /* AccountView.swift */ = {isa = PBXFileReference; lastKnownFileType = sourcecode.swift; path = AccountView.swift; sourceTree = "<group>"; };
		6EA80ED22CE2D23B0096CF09 /* AccountViewModel.swift */ = {isa = PBXFileReference; lastKnownFileType = sourcecode.swift; path = AccountViewModel.swift; sourceTree = "<group>"; };
		6EA80ED52CE2D5280096CF09 /* String+Extesion.swift */ = {isa = PBXFileReference; lastKnownFileType = sourcecode.swift; path = "String+Extesion.swift"; sourceTree = "<group>"; };
		6EE247022CDD83B6001DA027 /* Appetizers.app */ = {isa = PBXFileReference; explicitFileType = wrapper.application; includeInIndex = 0; path = Appetizers.app; sourceTree = BUILT_PRODUCTS_DIR; };
		6EE247092CDD83BC001DA027 /* Assets.xcassets */ = {isa = PBXFileReference; lastKnownFileType = folder.assetcatalog; path = Assets.xcassets; sourceTree = "<group>"; };
		6EE2470C2CDD83BC001DA027 /* Preview Assets.xcassets */ = {isa = PBXFileReference; lastKnownFileType = folder.assetcatalog; path = "Preview Assets.xcassets"; sourceTree = "<group>"; };
/* End PBXFileReference section */

/* Begin PBXFrameworksBuildPhase section */
		6EE246FF2CDD83B6001DA027 /* Frameworks */ = {
			isa = PBXFrameworksBuildPhase;
			buildActionMask = 2147483647;
			files = (
			);
			runOnlyForDeploymentPostprocessing = 0;
		};
/* End PBXFrameworksBuildPhase section */

/* Begin PBXGroup section */
		6E1294452CDEFA990022063D /* Source */ = {
			isa = PBXGroup;
			children = (
				6EA80ED42CE2D4F50096CF09 /* Utillities */,
				6E423C882CDF0012000C03B9 /* Model */,
				6E423C7E2CDEFEBB000C03B9 /* Services */,
				6E423C872CDEFFDB000C03B9 /* Screens */,
				6E423C812CDEFF09000C03B9 /* AppetizersApp.swift */,
			);
			path = Source;
			sourceTree = "<group>";
		};
		6E1294472CDEFAAE0022063D /* Components */ = {
			isa = PBXGroup;
			children = (
				6E1294402CDEF06A0022063D /* XDismissButton.swift */,
				6E1294482CDEFADA0022063D /* APButton.swift */,
				6E423C852CDEFF84000C03B9 /* NutritionInfo.swift */,
			);
			path = Components;
			sourceTree = "<group>";
		};
		6E423C6E2CDEFD18000C03B9 /* AppetizerDetailsView */ = {
			isa = PBXGroup;
			children = (
				6E423C832CDEFF41000C03B9 /* Model */,
				6E423C7D2CDEFE3A000C03B9 /* View */,
				6E423C842CDEFF48000C03B9 /* ViewModel */,
			);
			path = AppetizerDetailsView;
			sourceTree = "<group>";
		};
		6E423C732CDEFD6E000C03B9 /* Model */ = {
			isa = PBXGroup;
			children = (
			);
			path = Model;
			sourceTree = "<group>";
		};
		6E423C742CDEFD95000C03B9 /* AppetizersListView */ = {
			isa = PBXGroup;
			children = (
				6E423C732CDEFD6E000C03B9 /* Model */,
				6E423C7A2CDEFE00000C03B9 /* View */,
				6E423C772CDEFDCF000C03B9 /* ViewModel */,
			);
			path = AppetizersListView;
			sourceTree = "<group>";
		};
		6E423C772CDEFDCF000C03B9 /* ViewModel */ = {
			isa = PBXGroup;
			children = (
				6E423C782CDEFDE6000C03B9 /* AppetizersViewModel.swift */,
			);
			path = ViewModel;
			sourceTree = "<group>";
		};
		6E423C7A2CDEFE00000C03B9 /* View */ = {
			isa = PBXGroup;
			children = (
				6E423C752CDEFDB2000C03B9 /* AppetizersListView.swift */,
				6E423C7B2CDEFE1E000C03B9 /* AppetizerCell.swift */,
			);
			path = View;
			sourceTree = "<group>";
		};
		6E423C7D2CDEFE3A000C03B9 /* View */ = {
			isa = PBXGroup;
			children = (
				6E1294472CDEFAAE0022063D /* Components */,
				6E423C6F2CDEFD3B000C03B9 /* AppetizersDetailsView.swift */,
			);
			path = View;
			sourceTree = "<group>";
		};
		6E423C7E2CDEFEBB000C03B9 /* Services */ = {
			isa = PBXGroup;
			children = (
				6E423C7F2CDEFEC5000C03B9 /* APICall.swift */,
			);
			path = Services;
			sourceTree = "<group>";
		};
		6E423C832CDEFF41000C03B9 /* Model */ = {
			isa = PBXGroup;
			children = (
			);
			path = Model;
			sourceTree = "<group>";
		};
		6E423C842CDEFF48000C03B9 /* ViewModel */ = {
			isa = PBXGroup;
			children = (
			);
			path = ViewModel;
			sourceTree = "<group>";
		};
		6E423C872CDEFFDB000C03B9 /* Screens */ = {
			isa = PBXGroup;
			children = (
				6EA80ECD2CE2C4A70096CF09 /* LoadingView */,
				6E423C8A2CDF0076000C03B9 /* OrderView */,
				6E423C892CDF0063000C03B9 /* AccountView */,
				6E423C6E2CDEFD18000C03B9 /* AppetizerDetailsView */,
				6E423C742CDEFD95000C03B9 /* AppetizersListView */,
			);
			path = Screens;
			sourceTree = "<group>";
		};
		6E423C882CDF0012000C03B9 /* Model */ = {
			isa = PBXGroup;
			children = (
				6E423C712CDEFD57000C03B9 /* AppetizersResponseModel.swift */,
			);
			path = Model;
			sourceTree = "<group>";
		};
		6E423C892CDF0063000C03B9 /* AccountView */ = {
			isa = PBXGroup;
			children = (
				6EA80ED82CE2D8710096CF09 /* View */,
				6EA80ED72CE2D8680096CF09 /* ViewModel */,
			);
			path = AccountView;
			sourceTree = "<group>";
		};
		6E423C8A2CDF0076000C03B9 /* OrderView */ = {
			isa = PBXGroup;
			children = (
			);
			path = OrderView;
			sourceTree = "<group>";
		};
		6EA80ECD2CE2C4A70096CF09 /* LoadingView */ = {
			isa = PBXGroup;
			children = (
				6EA80ECE2CE2C4BB0096CF09 /* LoadingView.swift */,
			);
			path = LoadingView;
			sourceTree = "<group>";
		};
		6EA80ED42CE2D4F50096CF09 /* Utillities */ = {
			isa = PBXGroup;
			children = (
				6EA80ED52CE2D5280096CF09 /* String+Extesion.swift */,
			);
			path = Utillities;
			sourceTree = "<group>";
		};
		6EA80ED72CE2D8680096CF09 /* ViewModel */ = {
			isa = PBXGroup;
			children = (
				6EA80ED22CE2D23B0096CF09 /* AccountViewModel.swift */,
			);
			path = ViewModel;
			sourceTree = "<group>";
		};
		6EA80ED82CE2D8710096CF09 /* View */ = {
			isa = PBXGroup;
			children = (
				6EA80ED02CE2CED40096CF09 /* AccountView.swift */,
			);
			path = View;
			sourceTree = "<group>";
		};
		6EE246F92CDD83B6001DA027 = {
			isa = PBXGroup;
			children = (
				6EE247042CDD83B6001DA027 /* Appetizers */,
				6EE247032CDD83B6001DA027 /* Products */,
			);
			sourceTree = "<group>";
		};
		6EE247032CDD83B6001DA027 /* Products */ = {
			isa = PBXGroup;
			children = (
				6EE247022CDD83B6001DA027 /* Appetizers.app */,
			);
			name = Products;
			sourceTree = "<group>";
		};
		6EE247042CDD83B6001DA027 /* Appetizers */ = {
			isa = PBXGroup;
			children = (
				6E1294452CDEFA990022063D /* Source */,
				6EE247092CDD83BC001DA027 /* Assets.xcassets */,
				6EE2470B2CDD83BC001DA027 /* Preview Content */,
			);
			path = Appetizers;
			sourceTree = "<group>";
		};
		6EE2470B2CDD83BC001DA027 /* Preview Content */ = {
			isa = PBXGroup;
			children = (
				6EE2470C2CDD83BC001DA027 /* Preview Assets.xcassets */,
			);
			path = "Preview Content";
			sourceTree = "<group>";
		};
/* End PBXGroup section */

/* Begin PBXNativeTarget section */
		6EE247012CDD83B6001DA027 /* Appetizers */ = {
			isa = PBXNativeTarget;
			buildConfigurationList = 6EE247102CDD83BC001DA027 /* Build configuration list for PBXNativeTarget "Appetizers" */;
			buildPhases = (
				6EE246FE2CDD83B6001DA027 /* Sources */,
				6EE246FF2CDD83B6001DA027 /* Frameworks */,
				6EE247002CDD83B6001DA027 /* Resources */,
			);
			buildRules = (
			);
			dependencies = (
			);
			name = Appetizers;
			productName = Appetizers;
			productReference = 6EE247022CDD83B6001DA027 /* Appetizers.app */;
			productType = "com.apple.product-type.application";
		};
/* End PBXNativeTarget section */

/* Begin PBXProject section */
		6EE246FA2CDD83B6001DA027 /* Project object */ = {
			isa = PBXProject;
			attributes = {
				BuildIndependentTargetsInParallel = 1;
				LastSwiftUpdateCheck = 1540;
				LastUpgradeCheck = 1540;
				TargetAttributes = {
					6EE247012CDD83B6001DA027 = {
						CreatedOnToolsVersion = 15.4;
					};
				};
			};
			buildConfigurationList = 6EE246FD2CDD83B6001DA027 /* Build configuration list for PBXProject "Appetizers" */;
			compatibilityVersion = "Xcode 14.0";
			developmentRegion = en;
			hasScannedForEncodings = 0;
			knownRegions = (
				en,
				Base,
			);
			mainGroup = 6EE246F92CDD83B6001DA027;
			productRefGroup = 6EE247032CDD83B6001DA027 /* Products */;
			projectDirPath = "";
			projectRoot = "";
			targets = (
				6EE247012CDD83B6001DA027 /* Appetizers */,
			);
		};
/* End PBXProject section */

/* Begin PBXResourcesBuildPhase section */
		6EE247002CDD83B6001DA027 /* Resources */ = {
			isa = PBXResourcesBuildPhase;
			buildActionMask = 2147483647;
			files = (
				6EE2470D2CDD83BC001DA027 /* Preview Assets.xcassets in Resources */,
				6EE2470A2CDD83BC001DA027 /* Assets.xcassets in Resources */,
			);
			runOnlyForDeploymentPostprocessing = 0;
		};
/* End PBXResourcesBuildPhase section */

/* Begin PBXSourcesBuildPhase section */
		6EE246FE2CDD83B6001DA027 /* Sources */ = {
			isa = PBXSourcesBuildPhase;
			buildActionMask = 2147483647;
			files = (
				6EA80ED12CE2CED40096CF09 /* AccountView.swift in Sources */,
				6E423C822CDEFF09000C03B9 /* AppetizersApp.swift in Sources */,
				6E423C702CDEFD3B000C03B9 /* AppetizersDetailsView.swift in Sources */,
				6E423C792CDEFDE6000C03B9 /* AppetizersViewModel.swift in Sources */,
				6EA80ECF2CE2C4BB0096CF09 /* LoadingView.swift in Sources */,
				6EA80ED62CE2D5280096CF09 /* String+Extesion.swift in Sources */,
				6E1294492CDEFADA0022063D /* APButton.swift in Sources */,
				6E423C862CDEFF84000C03B9 /* NutritionInfo.swift in Sources */,
				6E423C762CDEFDB2000C03B9 /* AppetizersListView.swift in Sources */,
				6E423C7C2CDEFE1E000C03B9 /* AppetizerCell.swift in Sources */,
				6E1294412CDEF06A0022063D /* XDismissButton.swift in Sources */,
				6E423C802CDEFEC5000C03B9 /* APICall.swift in Sources */,
				6EA80ED32CE2D23B0096CF09 /* AccountViewModel.swift in Sources */,
				6E423C722CDEFD57000C03B9 /* AppetizersResponseModel.swift in Sources */,
			);
			runOnlyForDeploymentPostprocessing = 0;
		};
/* End PBXSourcesBuildPhase section */

/* Begin XCBuildConfiguration section */
		6EE2470E2CDD83BC001DA027 /* Debug */ = {
			isa = XCBuildConfiguration;
			buildSettings = {
				ALWAYS_SEARCH_USER_PATHS = NO;
				ASSETCATALOG_COMPILER_GENERATE_SWIFT_ASSET_SYMBOL_EXTENSIONS = YES;
				CLANG_ANALYZER_NONNULL = YES;
				CLANG_ANALYZER_NUMBER_OBJECT_CONVERSION = YES_AGGRESSIVE;
				CLANG_CXX_LANGUAGE_STANDARD = "gnu++20";
				CLANG_ENABLE_MODULES = YES;
				CLANG_ENABLE_OBJC_ARC = YES;
				CLANG_ENABLE_OBJC_WEAK = YES;
				CLANG_WARN_BLOCK_CAPTURE_AUTORELEASING = YES;
				CLANG_WARN_BOOL_CONVERSION = YES;
				CLANG_WARN_COMMA = YES;
				CLANG_WARN_CONSTANT_CONVERSION = YES;
				CLANG_WARN_DEPRECATED_OBJC_IMPLEMENTATIONS = YES;
				CLANG_WARN_DIRECT_OBJC_ISA_USAGE = YES_ERROR;
				CLANG_WARN_DOCUMENTATION_COMMENTS = YES;
				CLANG_WARN_EMPTY_BODY = YES;
				CLANG_WARN_ENUM_CONVERSION = YES;
				CLANG_WARN_INFINITE_RECURSION = YES;
				CLANG_WARN_INT_CONVERSION = YES;
				CLANG_WARN_NON_LITERAL_NULL_CONVERSION = YES;
				CLANG_WARN_OBJC_IMPLICIT_RETAIN_SELF = YES;
				CLANG_WARN_OBJC_LITERAL_CONVERSION = YES;
				CLANG_WARN_OBJC_ROOT_CLASS = YES_ERROR;
				CLANG_WARN_QUOTED_INCLUDE_IN_FRAMEWORK_HEADER = YES;
				CLANG_WARN_RANGE_LOOP_ANALYSIS = YES;
				CLANG_WARN_STRICT_PROTOTYPES = YES;
				CLANG_WARN_SUSPICIOUS_MOVE = YES;
				CLANG_WARN_UNGUARDED_AVAILABILITY = YES_AGGRESSIVE;
				CLANG_WARN_UNREACHABLE_CODE = YES;
				CLANG_WARN__DUPLICATE_METHOD_MATCH = YES;
				COPY_PHASE_STRIP = NO;
				DEBUG_INFORMATION_FORMAT = dwarf;
				ENABLE_STRICT_OBJC_MSGSEND = YES;
				ENABLE_TESTABILITY = YES;
				ENABLE_USER_SCRIPT_SANDBOXING = YES;
				GCC_C_LANGUAGE_STANDARD = gnu17;
				GCC_DYNAMIC_NO_PIC = NO;
				GCC_NO_COMMON_BLOCKS = YES;
				GCC_OPTIMIZATION_LEVEL = 0;
				GCC_PREPROCESSOR_DEFINITIONS = (
					"DEBUG=1",
					"$(inherited)",
				);
				GCC_WARN_64_TO_32_BIT_CONVERSION = YES;
				GCC_WARN_ABOUT_RETURN_TYPE = YES_ERROR;
				GCC_WARN_UNDECLARED_SELECTOR = YES;
				GCC_WARN_UNINITIALIZED_AUTOS = YES_AGGRESSIVE;
				GCC_WARN_UNUSED_FUNCTION = YES;
				GCC_WARN_UNUSED_VARIABLE = YES;
				IPHONEOS_DEPLOYMENT_TARGET = 17.5;
				LOCALIZATION_PREFERS_STRING_CATALOGS = YES;
				MTL_ENABLE_DEBUG_INFO = INCLUDE_SOURCE;
				MTL_FAST_MATH = YES;
				ONLY_ACTIVE_ARCH = YES;
				SDKROOT = iphoneos;
				SWIFT_ACTIVE_COMPILATION_CONDITIONS = "DEBUG $(inherited)";
				SWIFT_OPTIMIZATION_LEVEL = "-Onone";
			};
			name = Debug;
		};
		6EE2470F2CDD83BC001DA027 /* Release */ = {
			isa = XCBuildConfiguration;
			buildSettings = {
				ALWAYS_SEARCH_USER_PATHS = NO;
				ASSETCATALOG_COMPILER_GENERATE_SWIFT_ASSET_SYMBOL_EXTENSIONS = YES;
				CLANG_ANALYZER_NONNULL = YES;
				CLANG_ANALYZER_NUMBER_OBJECT_CONVERSION = YES_AGGRESSIVE;
				CLANG_CXX_LANGUAGE_STANDARD = "gnu++20";
				CLANG_ENABLE_MODULES = YES;
				CLANG_ENABLE_OBJC_ARC = YES;
				CLANG_ENABLE_OBJC_WEAK = YES;
				CLANG_WARN_BLOCK_CAPTURE_AUTORELEASING = YES;
				CLANG_WARN_BOOL_CONVERSION = YES;
				CLANG_WARN_COMMA = YES;
				CLANG_WARN_CONSTANT_CONVERSION = YES;
				CLANG_WARN_DEPRECATED_OBJC_IMPLEMENTATIONS = YES;
				CLANG_WARN_DIRECT_OBJC_ISA_USAGE = YES_ERROR;
				CLANG_WARN_DOCUMENTATION_COMMENTS = YES;
				CLANG_WARN_EMPTY_BODY = YES;
				CLANG_WARN_ENUM_CONVERSION = YES;
				CLANG_WARN_INFINITE_RECURSION = YES;
				CLANG_WARN_INT_CONVERSION = YES;
				CLANG_WARN_NON_LITERAL_NULL_CONVERSION = YES;
				CLANG_WARN_OBJC_IMPLICIT_RETAIN_SELF = YES;
				CLANG_WARN_OBJC_LITERAL_CONVERSION = YES;
				CLANG_WARN_OBJC_ROOT_CLASS = YES_ERROR;
				CLANG_WARN_QUOTED_INCLUDE_IN_FRAMEWORK_HEADER = YES;
				CLANG_WARN_RANGE_LOOP_ANALYSIS = YES;
				CLANG_WARN_STRICT_PROTOTYPES = YES;
				CLANG_WARN_SUSPICIOUS_MOVE = YES;
				CLANG_WARN_UNGUARDED_AVAILABILITY = YES_AGGRESSIVE;
				CLANG_WARN_UNREACHABLE_CODE = YES;
				CLANG_WARN__DUPLICATE_METHOD_MATCH = YES;
				COPY_PHASE_STRIP = NO;
				DEBUG_INFORMATION_FORMAT = "dwarf-with-dsym";
				ENABLE_NS_ASSERTIONS = NO;
				ENABLE_STRICT_OBJC_MSGSEND = YES;
				ENABLE_USER_SCRIPT_SANDBOXING = YES;
				GCC_C_LANGUAGE_STANDARD = gnu17;
				GCC_NO_COMMON_BLOCKS = YES;
				GCC_WARN_64_TO_32_BIT_CONVERSION = YES;
				GCC_WARN_ABOUT_RETURN_TYPE = YES_ERROR;
				GCC_WARN_UNDECLARED_SELECTOR = YES;
				GCC_WARN_UNINITIALIZED_AUTOS = YES_AGGRESSIVE;
				GCC_WARN_UNUSED_FUNCTION = YES;
				GCC_WARN_UNUSED_VARIABLE = YES;
				IPHONEOS_DEPLOYMENT_TARGET = 17.5;
				LOCALIZATION_PREFERS_STRING_CATALOGS = YES;
				MTL_ENABLE_DEBUG_INFO = NO;
				MTL_FAST_MATH = YES;
				SDKROOT = iphoneos;
				SWIFT_COMPILATION_MODE = wholemodule;
				VALIDATE_PRODUCT = YES;
			};
			name = Release;
		};
		6EE247112CDD83BC001DA027 /* Debug */ = {
			isa = XCBuildConfiguration;
			buildSettings = {
				ASSETCATALOG_COMPILER_APPICON_NAME = AppIcon;
				ASSETCATALOG_COMPILER_GLOBAL_ACCENT_COLOR_NAME = AccentColor;
				CODE_SIGN_STYLE = Automatic;
				CURRENT_PROJECT_VERSION = 1;
				DEVELOPMENT_ASSET_PATHS = "\"Appetizers/Preview Content\"";
				ENABLE_PREVIEWS = YES;
				GENERATE_INFOPLIST_FILE = YES;
				INFOPLIST_KEY_UIApplicationSceneManifest_Generation = YES;
				INFOPLIST_KEY_UIApplicationSupportsIndirectInputEvents = YES;
				INFOPLIST_KEY_UILaunchScreen_Generation = YES;
				INFOPLIST_KEY_UISupportedInterfaceOrientations_iPad = "UIInterfaceOrientationPortrait UIInterfaceOrientationPortraitUpsideDown UIInterfaceOrientationLandscapeLeft UIInterfaceOrientationLandscapeRight";
				INFOPLIST_KEY_UISupportedInterfaceOrientations_iPhone = "UIInterfaceOrientationPortrait UIInterfaceOrientationLandscapeLeft UIInterfaceOrientationLandscapeRight";
				LD_RUNPATH_SEARCH_PATHS = (
					"$(inherited)",
					"@executable_path/Frameworks",
				);
				MARKETING_VERSION = 1.0;
				PRODUCT_BUNDLE_IDENTIFIER = gabriellp.Appetizers;
				PRODUCT_NAME = "$(TARGET_NAME)";
				SWIFT_EMIT_LOC_STRINGS = YES;
				SWIFT_VERSION = 5.0;
				TARGETED_DEVICE_FAMILY = "1,2";
			};
			name = Debug;
		};
		6EE247122CDD83BC001DA027 /* Release */ = {
			isa = XCBuildConfiguration;
			buildSettings = {
				ASSETCATALOG_COMPILER_APPICON_NAME = AppIcon;
				ASSETCATALOG_COMPILER_GLOBAL_ACCENT_COLOR_NAME = AccentColor;
				CODE_SIGN_STYLE = Automatic;
				CURRENT_PROJECT_VERSION = 1;
				DEVELOPMENT_ASSET_PATHS = "\"Appetizers/Preview Content\"";
				ENABLE_PREVIEWS = YES;
				GENERATE_INFOPLIST_FILE = YES;
				INFOPLIST_KEY_UIApplicationSceneManifest_Generation = YES;
				INFOPLIST_KEY_UIApplicationSupportsIndirectInputEvents = YES;
				INFOPLIST_KEY_UILaunchScreen_Generation = YES;
				INFOPLIST_KEY_UISupportedInterfaceOrientations_iPad = "UIInterfaceOrientationPortrait UIInterfaceOrientationPortraitUpsideDown UIInterfaceOrientationLandscapeLeft UIInterfaceOrientationLandscapeRight";
				INFOPLIST_KEY_UISupportedInterfaceOrientations_iPhone = "UIInterfaceOrientationPortrait UIInterfaceOrientationLandscapeLeft UIInterfaceOrientationLandscapeRight";
				LD_RUNPATH_SEARCH_PATHS = (
					"$(inherited)",
					"@executable_path/Frameworks",
				);
				MARKETING_VERSION = 1.0;
				PRODUCT_BUNDLE_IDENTIFIER = gabriellp.Appetizers;
				PRODUCT_NAME = "$(TARGET_NAME)";
				SWIFT_EMIT_LOC_STRINGS = YES;
				SWIFT_VERSION = 5.0;
				TARGETED_DEVICE_FAMILY = "1,2";
			};
			name = Release;
		};
/* End XCBuildConfiguration section */

/* Begin XCConfigurationList section */
		6EE246FD2CDD83B6001DA027 /* Build configuration list for PBXProject "Appetizers" */ = {
			isa = XCConfigurationList;
			buildConfigurations = (
				6EE2470E2CDD83BC001DA027 /* Debug */,
				6EE2470F2CDD83BC001DA027 /* Release */,
			);
			defaultConfigurationIsVisible = 0;
			defaultConfigurationName = Release;
		};
		6EE247102CDD83BC001DA027 /* Build configuration list for PBXNativeTarget "Appetizers" */ = {
			isa = XCConfigurationList;
			buildConfigurations = (
				6EE247112CDD83BC001DA027 /* Debug */,
				6EE247122CDD83BC001DA027 /* Release */,
			);
			defaultConfigurationIsVisible = 0;
			defaultConfigurationName = Release;
		};
/* End XCConfigurationList section */
	};
	rootObject = 6EE246FA2CDD83B6001DA027 /* Project object */;
}
